
Microsoft Visual Studio Solution File, Format Version 12.00
# Visual Studio Version 17
VisualStudioVersion = 17.3.32825.248
MinimumVisualStudioVersion = 10.0.40219.1
Project("{FAE04EC0-301F-11D3-BF4B-00C04F79EFBC}") = "Lab02-Bai01", "Lab02-Bai01.csproj", "{FEBC5D3B-151E-4075-AB2F-63452E520CD7}"
EndProject
Project("{FAE04EC0-301F-11D3-BF4B-00C04F79EFBC}") = "Lab02-Bai02", "..\Lab02-Bai02\Lab02-Bai02.csproj", "{EF3352F8-64B4-4736-9980-49494844103E}"
EndProject
Project("{FAE04EC0-301F-11D3-BF4B-00C04F79EFBC}") = "Lab02-Bai03", "..\Lab02-Bai03\Lab02-Bai03.csproj", "{156EC2E4-A032-4C7D-8AA6-6081EF7147FB}"
EndProject
Project("{FAE04EC0-301F-11D3-BF4B-00C04F79EFBC}") = "Lab02-Bai04", "..\Lab02-Bai04\Lab02-Bai04.csproj", "{54E7B581-2B8E-4927-AA73-70914DCC578D}"
EndProject
Global
	GlobalSection(SolutionConfigurationPlatforms) = preSolution
		Debug|Any CPU = Debug|Any CPU
		Release|Any CPU = Release|Any CPU
	EndGlobalSection
	GlobalSection(ProjectConfigurationPlatforms) = postSolution
		{FEBC5D3B-151E-4075-AB2F-63452E520CD7}.Debug|Any CPU.ActiveCfg = Debug|Any CPU
		{FEBC5D3B-151E-4075-AB2F-63452E520CD7}.Debug|Any CPU.Build.0 = Debug|Any CPU
		{FEBC5D3B-151E-4075-AB2F-63452E520CD7}.Release|Any CPU.ActiveCfg = Release|Any CPU
		{FEBC5D3B-151E-4075-AB2F-63452E520CD7}.Release|Any CPU.Build.0 = Release|Any CPU
		{EF3352F8-64B4-4736-9980-49494844103E}.Debug|Any CPU.ActiveCfg = Debug|Any CPU
		{EF3352F8-64B4-4736-9980-49494844103E}.Debug|Any CPU.Build.0 = Debug|Any CPU
		{EF3352F8-64B4-4736-9980-49494844103E}.Release|Any CPU.ActiveCfg = Release|Any CPU
		{EF3352F8-64B4-4736-9980-49494844103E}.Release|Any CPU.Build.0 = Release|Any CPU
		{156EC2E4-A032-4C7D-8AA6-6081EF7147FB}.Debug|Any CPU.ActiveCfg = Debug|Any CPU
		{156EC2E4-A032-4C7D-8AA6-6081EF7147FB}.Debug|Any CPU.Build.0 = Debug|Any CPU
		{156EC2E4-A032-4C7D-8AA6-6081EF7147FB}.Release|Any CPU.ActiveCfg = Release|Any CPU
		{156EC2E4-A032-4C7D-8AA6-6081EF7147FB}.Release|Any CPU.Build.0 = Release|Any CPU
		{54E7B581-2B8E-4927-AA73-70914DCC578D}.Debug|Any CPU.ActiveCfg = Debug|Any CPU
		{54E7B581-2B8E-4927-AA73-70914DCC578D}.Debug|Any CPU.Build.0 = Debug|Any CPU
		{54E7B581-2B8E-4927-AA73-70914DCC578D}.Release|Any CPU.ActiveCfg = Release|Any CPU
		{54E7B581-2B8E-4927-AA73-70914DCC578D}.Release|Any CPU.Build.0 = Release|Any CPU
	EndGlobalSection
	GlobalSection(SolutionProperties) = preSolution
		HideSolutionNode = FALSE
	EndGlobalSection
	GlobalSection(ExtensibilityGlobals) = postSolution
		SolutionGuid = {D4BA9802-4192-4907-AC9C-C3A973D852C6}
	EndGlobalSection
EndGlobal
